# @generated by Move, please check-in and do not edit manually.

[move]
version = 2
manifest_digest = "288C98CFBC07B41D20FDBA2E3CAC48534DD055EF314BF635DC84C6777CB61D11"
deps_digest = "F8BBB0CCB2491CA29A3DF03D6F92277A4F3574266507ACD77214D37ECA3F3082"
dependencies = [
  { name = "Sui" },
]

[[move.package]]
name = "MoveStdlib"
source = { git = "https://github.com/MystenLabs/sui.git", rev = "framework/testnet", subdir = "crates/sui-framework/packages/move-stdlib" }

[[move.package]]
name = "Sui"
source = { git = "https://github.com/MystenLabs/sui.git", rev = "framework/testnet", subdir = "crates/sui-framework/packages/sui-framework" }

dependencies = [
  { name = "MoveStdlib" },
]

[move.toolchain-version]
compiler-version = "1.25.0"
edition = "2024.beta"
flavor = "sui"

[env]

[env.devnet]
chain-id = "d29677eb"
original-published-id = "0xa99fbab1ed9aad696819562b070cecfb1d5b13e077b83bb29004ebe965cdbedb"
latest-published-id = "0xa99fbab1ed9aad696819562b070cecfb1d5b13e077b83bb29004ebe965cdbedb"
published-version = "1"
